
Microsoft Visual Studio Solution File, Format Version 12.00
# Visual Studio Version 16
VisualStudioVersion = 16.0.31129.286
MinimumVisualStudioVersion = 10.0.40219.1
Project("{FAE04EC0-301F-11D3-BF4B-00C04F79EFBC}") = "GestãoEquipamentos_Acade2021", "GestãoEquipamentos_Acade2021.csproj", "{43280341-99F4-44C0-8B13-94F101B865E3}"
EndProject
Global
	GlobalSection(SolutionConfigurationPlatforms) = preSolution
		Debug|Any CPU = Debug|Any CPU
		Release|Any CPU = Release|Any CPU
	EndGlobalSection
	GlobalSection(ProjectConfigurationPlatforms) = postSolution
		{43280341-99F4-44C0-8B13-94F101B865E3}.Debug|Any CPU.ActiveCfg = Debug|Any CPU
		{43280341-99F4-44C0-8B13-94F101B865E3}.Debug|Any CPU.Build.0 = Debug|Any CPU
		{43280341-99F4-44C0-8B13-94F101B865E3}.Release|Any CPU.ActiveCfg = Release|Any CPU
		{43280341-99F4-44C0-8B13-94F101B865E3}.Release|Any CPU.Build.0 = Release|Any CPU
	EndGlobalSection
	GlobalSection(SolutionProperties) = preSolution
		HideSolutionNode = FALSE
	EndGlobalSection
	GlobalSection(ExtensibilityGlobals) = postSolution
		SolutionGuid = {4A433D20-0518-47F6-898A-3807FAEC59A4}
	EndGlobalSection
EndGlobal
